
Microsoft Visual Studio Solution File, Format Version 12.00
# Visual Studio 14
VisualStudioVersion = 14.0.23107.0
MinimumVisualStudioVersion = 10.0.40219.1
Project("{2150E333-8FDC-42A3-9474-1A3956D46DE8}") = "Site", "Site", "{FC3FE322-268C-414A-9894-791C9465145C}"
EndProject
Project("{2150E333-8FDC-42A3-9474-1A3956D46DE8}") = "Database", "Database", "{9F4F9F75-1DB9-41D9-8489-131A990C8093}"
EndProject
Project("{FAE04EC0-301F-11D3-BF4B-00C04F79EFBC}") = "Fyl.Entities", "Fyl.Entities\Fyl.Entities.csproj", "{10C00F12-C7EE-42C8-8ED3-6988E3C9176B}"
EndProject
Project("{2150E333-8FDC-42A3-9474-1A3956D46DE8}") = "DataAccess", "DataAccess", "{E19E5BD4-6E9E-4FE8-ACA1-8AAE90FF4271}"
EndProject
Project("{FAE04EC0-301F-11D3-BF4B-00C04F79EFBC}") = "Fyl.DataLayer", "Fyl.DataLayer\Fyl.DataLayer.csproj", "{585F15A1-0EA9-40DB-AEA4-06CB638C648D}"
EndProject
Project("{FAE04EC0-301F-11D3-BF4B-00C04F79EFBC}") = "Fyl.Managers", "Fyl.Managers\Fyl.Managers.csproj", "{1053EB33-B9A4-4C4E-B78D-1BC67A050BEC}"
EndProject
Project("{2150E333-8FDC-42A3-9474-1A3956D46DE8}") = "Common", "Common", "{A7F675E6-8037-4968-81D5-BFFB90F02480}"
EndProject
Project("{FAE04EC0-301F-11D3-BF4B-00C04F79EFBC}") = "Fyl.Library", "Fyl.Library\Fyl.Library.csproj", "{6CB997C6-EC24-48C6-BCD8-11ADC23C71E9}"
EndProject
Project("{FAE04EC0-301F-11D3-BF4B-00C04F79EFBC}") = "Tenant.Site", "Tenant.Site\Tenant.Site.csproj", "{D2808DBF-9940-4835-BADA-5DA341B58B13}"
EndProject
Project("{FAE04EC0-301F-11D3-BF4B-00C04F79EFBC}") = "Tenant.Site.Tests", "Tenant.Site.Tests\Tenant.Site.Tests.csproj", "{7BD121BC-8010-4EC0-B25D-56FEF8892C01}"
EndProject
Project("{2150E333-8FDC-42A3-9474-1A3956D46DE8}") = "Service", "Service", "{0AC89E37-426D-4DE9-A3CD-5F33579B9634}"
EndProject
Project("{FAE04EC0-301F-11D3-BF4B-00C04F79EFBC}") = "Tenant.Service", "Tenant.Service\Tenant.Service.csproj", "{10BA23B0-D770-4431-B41F-152A20EBFCF0}"
EndProject
Project("{FAE04EC0-301F-11D3-BF4B-00C04F79EFBC}") = "Fyl.Helpers", "Fyl.Helpers\Fyl.Helpers.csproj", "{3B969C28-4DBD-45A9-90BE-380312F3BA1F}"
EndProject
Global
	GlobalSection(SolutionConfigurationPlatforms) = preSolution
		Debug|Any CPU = Debug|Any CPU
		Release|Any CPU = Release|Any CPU
	EndGlobalSection
	GlobalSection(ProjectConfigurationPlatforms) = postSolution
		{10C00F12-C7EE-42C8-8ED3-6988E3C9176B}.Debug|Any CPU.ActiveCfg = Debug|Any CPU
		{10C00F12-C7EE-42C8-8ED3-6988E3C9176B}.Debug|Any CPU.Build.0 = Debug|Any CPU
		{10C00F12-C7EE-42C8-8ED3-6988E3C9176B}.Release|Any CPU.ActiveCfg = Release|Any CPU
		{10C00F12-C7EE-42C8-8ED3-6988E3C9176B}.Release|Any CPU.Build.0 = Release|Any CPU
		{585F15A1-0EA9-40DB-AEA4-06CB638C648D}.Debug|Any CPU.ActiveCfg = Debug|Any CPU
		{585F15A1-0EA9-40DB-AEA4-06CB638C648D}.Debug|Any CPU.Build.0 = Debug|Any CPU
		{585F15A1-0EA9-40DB-AEA4-06CB638C648D}.Release|Any CPU.ActiveCfg = Release|Any CPU
		{585F15A1-0EA9-40DB-AEA4-06CB638C648D}.Release|Any CPU.Build.0 = Release|Any CPU
		{1053EB33-B9A4-4C4E-B78D-1BC67A050BEC}.Debug|Any CPU.ActiveCfg = Debug|Any CPU
		{1053EB33-B9A4-4C4E-B78D-1BC67A050BEC}.Debug|Any CPU.Build.0 = Debug|Any CPU
		{1053EB33-B9A4-4C4E-B78D-1BC67A050BEC}.Release|Any CPU.ActiveCfg = Release|Any CPU
		{1053EB33-B9A4-4C4E-B78D-1BC67A050BEC}.Release|Any CPU.Build.0 = Release|Any CPU
		{6CB997C6-EC24-48C6-BCD8-11ADC23C71E9}.Debug|Any CPU.ActiveCfg = Debug|Any CPU
		{6CB997C6-EC24-48C6-BCD8-11ADC23C71E9}.Debug|Any CPU.Build.0 = Debug|Any CPU
		{6CB997C6-EC24-48C6-BCD8-11ADC23C71E9}.Release|Any CPU.ActiveCfg = Release|Any CPU
		{6CB997C6-EC24-48C6-BCD8-11ADC23C71E9}.Release|Any CPU.Build.0 = Release|Any CPU
		{D2808DBF-9940-4835-BADA-5DA341B58B13}.Debug|Any CPU.ActiveCfg = Debug|Any CPU
		{D2808DBF-9940-4835-BADA-5DA341B58B13}.Debug|Any CPU.Build.0 = Debug|Any CPU
		{D2808DBF-9940-4835-BADA-5DA341B58B13}.Release|Any CPU.ActiveCfg = Release|Any CPU
		{D2808DBF-9940-4835-BADA-5DA341B58B13}.Release|Any CPU.Build.0 = Release|Any CPU
		{7BD121BC-8010-4EC0-B25D-56FEF8892C01}.Debug|Any CPU.ActiveCfg = Debug|Any CPU
		{7BD121BC-8010-4EC0-B25D-56FEF8892C01}.Debug|Any CPU.Build.0 = Debug|Any CPU
		{7BD121BC-8010-4EC0-B25D-56FEF8892C01}.Release|Any CPU.ActiveCfg = Release|Any CPU
		{7BD121BC-8010-4EC0-B25D-56FEF8892C01}.Release|Any CPU.Build.0 = Release|Any CPU
		{10BA23B0-D770-4431-B41F-152A20EBFCF0}.Debug|Any CPU.ActiveCfg = Debug|Any CPU
		{10BA23B0-D770-4431-B41F-152A20EBFCF0}.Debug|Any CPU.Build.0 = Debug|Any CPU
		{10BA23B0-D770-4431-B41F-152A20EBFCF0}.Release|Any CPU.ActiveCfg = Release|Any CPU
		{10BA23B0-D770-4431-B41F-152A20EBFCF0}.Release|Any CPU.Build.0 = Release|Any CPU
		{3B969C28-4DBD-45A9-90BE-380312F3BA1F}.Debug|Any CPU.ActiveCfg = Debug|Any CPU
		{3B969C28-4DBD-45A9-90BE-380312F3BA1F}.Debug|Any CPU.Build.0 = Debug|Any CPU
		{3B969C28-4DBD-45A9-90BE-380312F3BA1F}.Release|Any CPU.ActiveCfg = Release|Any CPU
		{3B969C28-4DBD-45A9-90BE-380312F3BA1F}.Release|Any CPU.Build.0 = Release|Any CPU
	EndGlobalSection
	GlobalSection(SolutionProperties) = preSolution
		HideSolutionNode = FALSE
	EndGlobalSection
	GlobalSection(NestedProjects) = preSolution
		{10C00F12-C7EE-42C8-8ED3-6988E3C9176B} = {9F4F9F75-1DB9-41D9-8489-131A990C8093}
		{585F15A1-0EA9-40DB-AEA4-06CB638C648D} = {E19E5BD4-6E9E-4FE8-ACA1-8AAE90FF4271}
		{1053EB33-B9A4-4C4E-B78D-1BC67A050BEC} = {E19E5BD4-6E9E-4FE8-ACA1-8AAE90FF4271}
		{6CB997C6-EC24-48C6-BCD8-11ADC23C71E9} = {A7F675E6-8037-4968-81D5-BFFB90F02480}
		{D2808DBF-9940-4835-BADA-5DA341B58B13} = {FC3FE322-268C-414A-9894-791C9465145C}
		{7BD121BC-8010-4EC0-B25D-56FEF8892C01} = {FC3FE322-268C-414A-9894-791C9465145C}
		{10BA23B0-D770-4431-B41F-152A20EBFCF0} = {0AC89E37-426D-4DE9-A3CD-5F33579B9634}
		{3B969C28-4DBD-45A9-90BE-380312F3BA1F} = {A7F675E6-8037-4968-81D5-BFFB90F02480}
	EndGlobalSection
EndGlobal
